
Microsoft Visual Studio Solution File, Format Version 12.00
# Visual Studio Version 16
VisualStudioVersion = 16.0.29306.81
MinimumVisualStudioVersion = 10.0.40219.1
Project("{FAE04EC0-301F-11D3-BF4B-00C04F79EFBC}") = "timw255.sitecore.contenthub.contentparser", "timw255.sitecore.contenthub.contentparser\timw255.sitecore.contenthub.contentparser.csproj", "{9CB0255C-63BF-4BE4-93E3-1BC12F5E4A84}"
EndProject
Global
	GlobalSection(SolutionConfigurationPlatforms) = preSolution
		Debug|Any CPU = Debug|Any CPU
		Release|Any CPU = Release|Any CPU
	EndGlobalSection
	GlobalSection(ProjectConfigurationPlatforms) = postSolution
		{9CB0255C-63BF-4BE4-93E3-1BC12F5E4A84}.Debug|Any CPU.ActiveCfg = Debug|Any CPU
		{9CB0255C-63BF-4BE4-93E3-1BC12F5E4A84}.Debug|Any CPU.Build.0 = Debug|Any CPU
		{9CB0255C-63BF-4BE4-93E3-1BC12F5E4A84}.Release|Any CPU.ActiveCfg = Release|Any CPU
		{9CB0255C-63BF-4BE4-93E3-1BC12F5E4A84}.Release|Any CPU.Build.0 = Release|Any CPU
	EndGlobalSection
	GlobalSection(SolutionProperties) = preSolution
		HideSolutionNode = FALSE
	EndGlobalSection
	GlobalSection(ExtensibilityGlobals) = postSolution
		SolutionGuid = {0731CB81-293B-47B5-96D8-9A09F4C96351}
	EndGlobalSection
EndGlobal
